github.com/google/uuid v1.6.0 h1:NIvaJDMOsjHA8n1jAhLSgzrAzy1Hgr+hNrb57e+94F0=
github.com/google/uuid v1.6.0/go.mod h1:TIyPZe4MgqvfeYDBFedMoGGpEw/LqOeaOT+nhxU+yHo=
github.com/lib/pq v1.10.9 h1:YXG7RB+JIjhP29X+OtkiDnYaXQwpS4JEWq7dtCCRUEw=
github.com/lib/pq v1.10.9/go.mod h1:AlVN5x4E4T544tWzH6hKfbfQvm3HdbOxrmggDNAPY9o=
github.com/visvasity/kv v0.0.0-20251127181103-190fe23c8632 h1:UXshteKn1tXLcZ/CVgAzrY3B+N19JmmNyL+/MujlAhA=
github.com/visvasity/kv v0.0.0-20251127181103-190fe23c8632/go.mod h1:CZqPYUOKOBKISPpVXqWdRQJQqxRT3n9//U9PULXfpbY=
github.com/visvasity/kvbenchmarks v0.0.0-20251127232144-576c8be569f7 h1:e6i62zkjkwXxSPQvbC0R0y1souOpKQQoKG2O0ffv/lU=
github.com/visvasity/kvbenchmarks v0.0.0-20251127232144-576c8be569f7/go.mod h1:DgfxB6JV9rQLZqmO/CDdC9OgVDcLxSWBz9Ilpw7KtQs=
github.com/visvasity/kvhttp v0.0.0-20250824163524-eb1e4daf2fab h1:bk4pb62JFu+5aJoPbIWR0ATeDh0NtYOVN1hnwE90L4I=
github.com/visvasity/kvhttp v0.0.0-20250824163524-eb1e4daf2fab/go.mod h1:udqOty55e2KieK2i8JAqYRBaxLq311HJDqFB+uqyn2w=
github.com/visvasity/kvhttp v0.0.0-20251129200422-2244e4f287eb h1:T49vkVO2gnMm5YpmN8se9VEIwAf6LqpEmHzebhY6A0s=
github.com/visvasity/kvhttp v0.0.0-20251129200422-2244e4f287eb/go.mod h1:udqOty55e2KieK2i8JAqYRBaxLq311HJDqFB+uqyn2w=
github.com/visvasity/kvmemdb v0.0.0-20250824163232-8b180c2d78ef h1:2Bs8K31912x6LfrFkN+NQT9jJvbNqaoEchvESMx6THc=
github.com/visvasity/kvmemdb v0.0.0-20250824163232-8b180c2d78ef/go.mod h1:pSBEZ6vZnv5IE0/qFhuj8Kdyd/wlLKqJizWJjibE+eg=
github.com/visvasity/kvtests v0.0.0-20251127231113-ed5b44ddeab6 h1:CmVC6LeN+uttkjrcnEGEN2zQdrJkf3ujmjOzi8yX2I8=
github.com/visvasity/kvtests v0.0.0-20251127231113-ed5b44ddeab6/go.mod h1:1pDsE22vQQ4C5fU9u/sPJzhUGbYSMNRm9U3mMrBtANo=
github.com/visvasity/kvtests v0.0.0-20251129201628-a4aa79edceb1 h1:ZfOhGiF2HAe6UMeMaTwJfaEt/NeSZud2c3rqvtM7o8E=
github.com/visvasity/kvtests v0.0.0-20251129201628-a4aa79edceb1/go.mod h1:1pDsE22vQQ4C5fU9u/sPJzhUGbYSMNRm9U3mMrBtANo=
github.com/visvasity/syncmap v0.0.0-20241218025521-5599e6c230a7 h1:r8HaTmvUhdi4TTwcESTguWUHzujRFyMI/bUvWfSoF8Q=
github.com/visvasity/syncmap v0.0.0-20241218025521-5599e6c230a7/go.mod h1:SMJL78NBYF7GlGIPYUrV2vdmuIbtxJBBCE7NWT35FMc=
