github.com/lib/pq v1.10.9 h1:YXG7RB+JIjhP29X+OtkiDnYaXQwpS4JEWq7dtCCRUEw=
github.com/lib/pq v1.10.9/go.mod h1:AlVN5x4E4T544tWzH6hKfbfQvm3HdbOxrmggDNAPY9o=
github.com/visvasity/kv v0.0.0-20251127181103-190fe23c8632 h1:UXshteKn1tXLcZ/CVgAzrY3B+N19JmmNyL+/MujlAhA=
github.com/visvasity/kv v0.0.0-20251127181103-190fe23c8632/go.mod h1:CZqPYUOKOBKISPpVXqWdRQJQqxRT3n9//U9PULXfpbY=
github.com/visvasity/kvbenchmarks v0.0.0-20251127232144-576c8be569f7 h1:e6i62zkjkwXxSPQvbC0R0y1souOpKQQoKG2O0ffv/lU=
github.com/visvasity/kvbenchmarks v0.0.0-20251127232144-576c8be569f7/go.mod h1:DgfxB6JV9rQLZqmO/CDdC9OgVDcLxSWBz9Ilpw7KtQs=
github.com/visvasity/kvtests v0.0.0-20251127231113-ed5b44ddeab6 h1:CmVC6LeN+uttkjrcnEGEN2zQdrJkf3ujmjOzi8yX2I8=
github.com/visvasity/kvtests v0.0.0-20251127231113-ed5b44ddeab6/go.mod h1:1pDsE22vQQ4C5fU9u/sPJzhUGbYSMNRm9U3mMrBtANo=
